
Microsoft Visual Studio Solution File, Format Version 12.00
# Visual Studio Version 17
VisualStudioVersion = 17.10.34928.147
MinimumVisualStudioVersion = 10.0.40219.1
Project("{2150E333-8FDC-42A3-9474-1A3956D46DE8}") = "Services", "Services", "{20220E9A-0DCB-4D39-8A24-23D2E64C3E50}"
EndProject
Project("{2150E333-8FDC-42A3-9474-1A3956D46DE8}") = "Catalog", "Catalog", "{6B3FF21B-1FA9-4916-BA1D-82B0E15B9D6D}"
EndProject
Project("{9A19103F-16F7-4668-BE54-9A1E7A4F7556}") = "Catalog.API", "Services\Catalog\Catalog.API\Catalog.API.csproj", "{96DD58CD-F32F-4AE4-97BA-30579AF4B262}"
EndProject
Project("{2150E333-8FDC-42A3-9474-1A3956D46DE8}") = "BuildingBlocks", "BuildingBlocks", "{74E28DEE-BAD5-4885-AD9B-969B6C7E37E9}"
EndProject
Project("{9A19103F-16F7-4668-BE54-9A1E7A4F7556}") = "BuildingBlocks", "BuildingBlocks\BuildingBlocks\BuildingBlocks.csproj", "{D07B2B97-961C-4536-BBF6-37450566695E}"
EndProject
Project("{E53339B2-1760-4266-BCC7-CA923CBCF16C}") = "docker-compose", "docker-compose.dcproj", "{8FAE6459-8C16-4CDB-A619-D926D1BDE7CF}"
EndProject
Project("{2150E333-8FDC-42A3-9474-1A3956D46DE8}") = "Basket", "Basket", "{4F2EA02F-732C-41FA-8ABD-1CC823D6C717}"
EndProject
Project("{9A19103F-16F7-4668-BE54-9A1E7A4F7556}") = "Basket.API", "Services\Basket\Basket.API\Basket.API.csproj", "{54BBB8A0-4DED-401B-9ADC-BF12378B2D56}"
EndProject
Project("{2150E333-8FDC-42A3-9474-1A3956D46DE8}") = "Discount", "Discount", "{B1F7F97F-7739-4462-A2D9-975343605115}"
EndProject
Project("{9A19103F-16F7-4668-BE54-9A1E7A4F7556}") = "Discount.Grpc", "Services\Discount\Discount.Grpc\Discount.Grpc.csproj", "{11C6592D-0BA8-41BE-8703-E5E576FCF667}"
EndProject
Project("{2150E333-8FDC-42A3-9474-1A3956D46DE8}") = "Ordering", "Ordering", "{9F5D2048-1336-4F1F-A61A-C51068099C6C}"
EndProject
Project("{9A19103F-16F7-4668-BE54-9A1E7A4F7556}") = "Ordering.API", "Services\Ordering\Ordering.API\Ordering.API.csproj", "{7108A6A2-7970-4099-9708-D20F7E61C83C}"
EndProject
Project("{9A19103F-16F7-4668-BE54-9A1E7A4F7556}") = "Ordering.Domain", "Services\Ordering\Ordering.Domain\Ordering.Domain.csproj", "{A27F0ABC-16C3-4733-BC41-791006D50BE5}"
EndProject
Project("{9A19103F-16F7-4668-BE54-9A1E7A4F7556}") = "Ordering.Application", "Services\Ordering\Ordering.Application\Ordering.Application.csproj", "{70AB697A-1ACE-4A15-A1A1-AA5C2E379F15}"
EndProject
Project("{9A19103F-16F7-4668-BE54-9A1E7A4F7556}") = "Ordering.Infrastructure", "Services\Ordering\Ordering.Infrastructure\Ordering.Infrastructure.csproj", "{080B404C-131A-4B00-AA7D-138E7369ACFC}"
EndProject
Project("{9A19103F-16F7-4668-BE54-9A1E7A4F7556}") = "BuildingBlocks.Messaging", "BuildingBlocks\BuildingBlocks.Messaging\BuildingBlocks.Messaging.csproj", "{A17576AF-4593-4546-9589-32960017CCA8}"
EndProject
Project("{2150E333-8FDC-42A3-9474-1A3956D46DE8}") = "ApiGateways", "ApiGateways", "{7DF5257F-1212-4F42-8931-F0439F1EC9B6}"
EndProject
Project("{9A19103F-16F7-4668-BE54-9A1E7A4F7556}") = "YarpApiGateway", "ApiGateways\YarpApiGateway\YarpApiGateway.csproj", "{44A267F2-895E-46AD-87C6-8A358937D0CC}"
EndProject
Project("{2150E333-8FDC-42A3-9474-1A3956D46DE8}") = "WebApps", "WebApps", "{DD92D4B2-D67B-4FD5-92DD-533838DE763E}"
EndProject
Project("{FAE04EC0-301F-11D3-BF4B-00C04F79EFBC}") = "Shopping.Web", "WebApps\Shopping.Web\Shopping.Web.csproj", "{7B61D73F-9A0F-46D1-9C54-53D2D238F0D7}"
EndProject
Global
	GlobalSection(SolutionConfigurationPlatforms) = preSolution
		Debug|Any CPU = Debug|Any CPU
		Release|Any CPU = Release|Any CPU
	EndGlobalSection
	GlobalSection(ProjectConfigurationPlatforms) = postSolution
		{96DD58CD-F32F-4AE4-97BA-30579AF4B262}.Debug|Any CPU.ActiveCfg = Debug|Any CPU
		{96DD58CD-F32F-4AE4-97BA-30579AF4B262}.Debug|Any CPU.Build.0 = Debug|Any CPU
		{96DD58CD-F32F-4AE4-97BA-30579AF4B262}.Release|Any CPU.ActiveCfg = Release|Any CPU
		{96DD58CD-F32F-4AE4-97BA-30579AF4B262}.Release|Any CPU.Build.0 = Release|Any CPU
		{D07B2B97-961C-4536-BBF6-37450566695E}.Debug|Any CPU.ActiveCfg = Debug|Any CPU
		{D07B2B97-961C-4536-BBF6-37450566695E}.Debug|Any CPU.Build.0 = Debug|Any CPU
		{D07B2B97-961C-4536-BBF6-37450566695E}.Release|Any CPU.ActiveCfg = Release|Any CPU
		{D07B2B97-961C-4536-BBF6-37450566695E}.Release|Any CPU.Build.0 = Release|Any CPU
		{8FAE6459-8C16-4CDB-A619-D926D1BDE7CF}.Debug|Any CPU.ActiveCfg = Debug|Any CPU
		{8FAE6459-8C16-4CDB-A619-D926D1BDE7CF}.Debug|Any CPU.Build.0 = Debug|Any CPU
		{8FAE6459-8C16-4CDB-A619-D926D1BDE7CF}.Release|Any CPU.ActiveCfg = Release|Any CPU
		{8FAE6459-8C16-4CDB-A619-D926D1BDE7CF}.Release|Any CPU.Build.0 = Release|Any CPU
		{54BBB8A0-4DED-401B-9ADC-BF12378B2D56}.Debug|Any CPU.ActiveCfg = Debug|Any CPU
		{54BBB8A0-4DED-401B-9ADC-BF12378B2D56}.Debug|Any CPU.Build.0 = Debug|Any CPU
		{54BBB8A0-4DED-401B-9ADC-BF12378B2D56}.Release|Any CPU.ActiveCfg = Release|Any CPU
		{54BBB8A0-4DED-401B-9ADC-BF12378B2D56}.Release|Any CPU.Build.0 = Release|Any CPU
		{11C6592D-0BA8-41BE-8703-E5E576FCF667}.Debug|Any CPU.ActiveCfg = Debug|Any CPU
		{11C6592D-0BA8-41BE-8703-E5E576FCF667}.Debug|Any CPU.Build.0 = Debug|Any CPU
		{11C6592D-0BA8-41BE-8703-E5E576FCF667}.Release|Any CPU.ActiveCfg = Release|Any CPU
		{11C6592D-0BA8-41BE-8703-E5E576FCF667}.Release|Any CPU.Build.0 = Release|Any CPU
		{7108A6A2-7970-4099-9708-D20F7E61C83C}.Debug|Any CPU.ActiveCfg = Debug|Any CPU
		{7108A6A2-7970-4099-9708-D20F7E61C83C}.Debug|Any CPU.Build.0 = Debug|Any CPU
		{7108A6A2-7970-4099-9708-D20F7E61C83C}.Release|Any CPU.ActiveCfg = Release|Any CPU
		{7108A6A2-7970-4099-9708-D20F7E61C83C}.Release|Any CPU.Build.0 = Release|Any CPU
		{A27F0ABC-16C3-4733-BC41-791006D50BE5}.Debug|Any CPU.ActiveCfg = Debug|Any CPU
		{A27F0ABC-16C3-4733-BC41-791006D50BE5}.Debug|Any CPU.Build.0 = Debug|Any CPU
		{A27F0ABC-16C3-4733-BC41-791006D50BE5}.Release|Any CPU.ActiveCfg = Release|Any CPU
		{A27F0ABC-16C3-4733-BC41-791006D50BE5}.Release|Any CPU.Build.0 = Release|Any CPU
		{70AB697A-1ACE-4A15-A1A1-AA5C2E379F15}.Debug|Any CPU.ActiveCfg = Debug|Any CPU
		{70AB697A-1ACE-4A15-A1A1-AA5C2E379F15}.Debug|Any CPU.Build.0 = Debug|Any CPU
		{70AB697A-1ACE-4A15-A1A1-AA5C2E379F15}.Release|Any CPU.ActiveCfg = Release|Any CPU
		{70AB697A-1ACE-4A15-A1A1-AA5C2E379F15}.Release|Any CPU.Build.0 = Release|Any CPU
		{080B404C-131A-4B00-AA7D-138E7369ACFC}.Debug|Any CPU.ActiveCfg = Debug|Any CPU
		{080B404C-131A-4B00-AA7D-138E7369ACFC}.Debug|Any CPU.Build.0 = Debug|Any CPU
		{080B404C-131A-4B00-AA7D-138E7369ACFC}.Release|Any CPU.ActiveCfg = Release|Any CPU
		{080B404C-131A-4B00-AA7D-138E7369ACFC}.Release|Any CPU.Build.0 = Release|Any CPU
		{A17576AF-4593-4546-9589-32960017CCA8}.Debug|Any CPU.ActiveCfg = Debug|Any CPU
		{A17576AF-4593-4546-9589-32960017CCA8}.Debug|Any CPU.Build.0 = Debug|Any CPU
		{A17576AF-4593-4546-9589-32960017CCA8}.Release|Any CPU.ActiveCfg = Release|Any CPU
		{A17576AF-4593-4546-9589-32960017CCA8}.Release|Any CPU.Build.0 = Release|Any CPU
		{44A267F2-895E-46AD-87C6-8A358937D0CC}.Debug|Any CPU.ActiveCfg = Debug|Any CPU
		{44A267F2-895E-46AD-87C6-8A358937D0CC}.Debug|Any CPU.Build.0 = Debug|Any CPU
		{44A267F2-895E-46AD-87C6-8A358937D0CC}.Release|Any CPU.ActiveCfg = Release|Any CPU
		{44A267F2-895E-46AD-87C6-8A358937D0CC}.Release|Any CPU.Build.0 = Release|Any CPU
		{7B61D73F-9A0F-46D1-9C54-53D2D238F0D7}.Debug|Any CPU.ActiveCfg = Debug|Any CPU
		{7B61D73F-9A0F-46D1-9C54-53D2D238F0D7}.Debug|Any CPU.Build.0 = Debug|Any CPU
		{7B61D73F-9A0F-46D1-9C54-53D2D238F0D7}.Release|Any CPU.ActiveCfg = Release|Any CPU
		{7B61D73F-9A0F-46D1-9C54-53D2D238F0D7}.Release|Any CPU.Build.0 = Release|Any CPU
	EndGlobalSection
	GlobalSection(SolutionProperties) = preSolution
		HideSolutionNode = FALSE
	EndGlobalSection
	GlobalSection(NestedProjects) = preSolution
		{6B3FF21B-1FA9-4916-BA1D-82B0E15B9D6D} = {20220E9A-0DCB-4D39-8A24-23D2E64C3E50}
		{96DD58CD-F32F-4AE4-97BA-30579AF4B262} = {6B3FF21B-1FA9-4916-BA1D-82B0E15B9D6D}
		{D07B2B97-961C-4536-BBF6-37450566695E} = {74E28DEE-BAD5-4885-AD9B-969B6C7E37E9}
		{4F2EA02F-732C-41FA-8ABD-1CC823D6C717} = {20220E9A-0DCB-4D39-8A24-23D2E64C3E50}
		{54BBB8A0-4DED-401B-9ADC-BF12378B2D56} = {4F2EA02F-732C-41FA-8ABD-1CC823D6C717}
		{B1F7F97F-7739-4462-A2D9-975343605115} = {20220E9A-0DCB-4D39-8A24-23D2E64C3E50}
		{11C6592D-0BA8-41BE-8703-E5E576FCF667} = {B1F7F97F-7739-4462-A2D9-975343605115}
		{9F5D2048-1336-4F1F-A61A-C51068099C6C} = {20220E9A-0DCB-4D39-8A24-23D2E64C3E50}
		{7108A6A2-7970-4099-9708-D20F7E61C83C} = {9F5D2048-1336-4F1F-A61A-C51068099C6C}
		{A27F0ABC-16C3-4733-BC41-791006D50BE5} = {9F5D2048-1336-4F1F-A61A-C51068099C6C}
		{70AB697A-1ACE-4A15-A1A1-AA5C2E379F15} = {9F5D2048-1336-4F1F-A61A-C51068099C6C}
		{080B404C-131A-4B00-AA7D-138E7369ACFC} = {9F5D2048-1336-4F1F-A61A-C51068099C6C}
		{A17576AF-4593-4546-9589-32960017CCA8} = {74E28DEE-BAD5-4885-AD9B-969B6C7E37E9}
		{44A267F2-895E-46AD-87C6-8A358937D0CC} = {7DF5257F-1212-4F42-8931-F0439F1EC9B6}
		{7B61D73F-9A0F-46D1-9C54-53D2D238F0D7} = {DD92D4B2-D67B-4FD5-92DD-533838DE763E}
	EndGlobalSection
	GlobalSection(ExtensibilityGlobals) = postSolution
		SolutionGuid = {68EF57AD-0311-40E0-80B7-0ED49B1E38A6}
	EndGlobalSection
EndGlobal
